// !$*UTF8*$!
{
	archiveVersion = 1;
	classes = {
	};
	objectVersion = 46;
	objects = {

/* Begin PBXBuildFile section */
		F16813DF19A65F6200F21896 /* main.m in Sources */ = {isa = PBXBuildFile; fileRef = F16813DE19A65F6200F21896 /* main.m */; };
		F16813E219A65F6200F21896 /* AppDelegate.m in Sources */ = {isa = PBXBuildFile; fileRef = F16813E119A65F6200F21896 /* AppDelegate.m */; };
		F16813E519A65F6200F21896 /* ViewController.m in Sources */ = {isa = PBXBuildFile; fileRef = F16813E419A65F6200F21896 /* ViewController.m */; };
		F16813E819A65F6200F21896 /* Main.storyboard in Resources */ = {isa = PBXBuildFile; fileRef = F16813E619A65F6200F21896 /* Main.storyboard */; };
		F16813EA19A65F6200F21896 /* Images.xcassets in Resources */ = {isa = PBXBuildFile; fileRef = F16813E919A65F6200F21896 /* Images.xcassets */; };
		F16813F619A65F6200F21896 /* GPSINTests.m in Sources */ = {isa = PBXBuildFile; fileRef = F16813F519A65F6200F21896 /* GPSINTests.m */; };
/* End PBXBuildFile section */

/* Begin PBXContainerItemProxy section */
		F16813F019A65F6200F21896 /* PBXContainerItemProxy */ = {
			isa = PBXContainerItemProxy;
			containerPortal = F16813D119A65F6200F21896 /* Project object */;
			proxyType = 1;
			remoteGlobalIDString = F16813D819A65F6200F21896;
			remoteInfo = GPSIN;
		};
/* End PBXContainerItemProxy section */

/* Begin PBXFileReference section */
		F16813D919A65F6200F21896 /* GPSIN.app */ = {isa = PBXFileReference; explicitFileType = wrapper.application; includeInIndex = 0; path = GPSIN.app; sourceTree = BUILT_PRODUCTS_DIR; };
		F16813DD19A65F6200F21896 /* Info.plist */ = {isa = PBXFileReference; lastKnownFileType = text.plist.xml; path = Info.plist; sourceTree = "<group>"; };
		F16813DE19A65F6200F21896 /* main.m */ = {isa = PBXFileReference; lastKnownFileType = sourcecode.c.objc; path = main.m; sourceTree = "<group>"; };
		F16813E019A65F6200F21896 /* AppDelegate.h */ = {isa = PBXFileReference; lastKnownFileType = sourcecode.c.h; path = AppDelegate.h; sourceTree = "<group>"; };
		F16813E119A65F6200F21896 /* AppDelegate.m */ = {isa = PBXFileReference; lastKnownFileType = sourcecode.c.objc; path = AppDelegate.m; sourceTree = "<group>"; };
		F16813E319A65F6200F21896 /* ViewController.h */ = {isa = PBXFileReference; lastKnownFileType = sourcecode.c.h; path = ViewController.h; sourceTree = "<group>"; };
		F16813E419A65F6200F21896 /* ViewController.m */ = {isa = PBXFileReference; lastKnownFileType = sourcecode.c.objc; path = ViewController.m; sourceTree = "<group>"; };
		F16813E719A65F6200F21896 /* Base */ = {isa = PBXFileReference; lastKnownFileType = file.storyboard; name = Base; path = Base.lproj/Main.storyboard; sourceTree = "<group>"; };
		F16813E919A65F6200F21896 /* Images.xcassets */ = {isa = PBXFileReference; lastKnownFileType = folder.assetcatalog; path = Images.xcassets; sourceTree = "<group>"; };
		F16813EF19A65F6200F21896 /* GPSINTests.xctest */ = {isa = PBXFileReference; explicitFileType = wrapper.cfbundle; includeInIndex = 0; path = GPSINTests.xctest; sourceTree = BUILT_PRODUCTS_DIR; };
		F16813F419A65F6200F21896 /* Info.plist */ = {isa = PBXFileReference; lastKnownFileType = text.plist.xml; path = Info.plist; sourceTree = "<group>"; };
		F16813F519A65F6200F21896 /* GPSINTests.m */ = {isa = PBXFileReference; lastKnownFileType = sourcecode.c.objc; path = GPSINTests.m; sourceTree = "<group>"; };
/* End PBXFileReference section */

/* Begin PBXFrameworksBuildPhase section */
		F16813D619A65F6200F21896 /* Frameworks */ = {
			isa = PBXFrameworksBuildPhase;
			buildActionMask = 2147483647;
			files = (
			);
			runOnlyForDeploymentPostprocessing = 0;
		};
		F16813EC19A65F6200F21896 /* Frameworks */ = {
			isa = PBXFrameworksBuildPhase;
			buildActionMask = 2147483647;
			files = (
			);
			runOnlyForDeploymentPostprocessing = 0;
		};
/* End PBXFrameworksBuildPhase section */

/* Begin PBXGroup section */
		F16813D019A65F6200F21896 = {
			isa = PBXGroup;
			children = (
				F16813DB19A65F6200F21896 /* GPSIN */,
				F16813F219A65F6200F21896 /* GPSINTests */,
				F16813DA19A65F6200F21896 /* Products */,
			);
			sourceTree = "<group>";
		};
		F16813DA19A65F6200F21896 /* Products */ = {
			isa = PBXGroup;
			children = (
				F16813D919A65F6200F21896 /* GPSIN.app */,
				F16813EF19A65F6200F21896 /* GPSINTests.xctest */,
			);
			name = Products;
			sourceTree = "<group>";
		};
		F16813DB19A65F6200F21896 /* GPSIN */ = {
			isa = PBXGroup;
			children = (
				F16813E019A65F6200F21896 /* AppDelegate.h */,
				F16813E119A65F6200F21896 /* AppDelegate.m */,
				F16813E319A65F6200F21896 /* ViewController.h */,
				F16813E419A65F6200F21896 /* ViewController.m */,
				F16813E619A65F6200F21896 /* Main.storyboard */,
				F16813E919A65F6200F21896 /* Images.xcassets */,
				F16813DC19A65F6200F21896 /* Supporting Files */,
			);
			path = GPSIN;
			sourceTree = "<group>";
		};
		F16813DC19A65F6200F21896 /* Supporting Files */ = {
			isa = PBXGroup;
			children = (
				F16813DD19A65F6200F21896 /* Info.plist */,
				F16813DE19A65F6200F21896 /* main.m */,
			);
			name = "Supporting Files";
			sourceTree = "<group>";
		};
		F16813F219A65F6200F21896 /* GPSINTests */ = {
			isa = PBXGroup;
			children = (
				F16813F519A65F6200F21896 /* GPSINTests.m */,
				F16813F319A65F6200F21896 /* Supporting Files */,
			);
			path = GPSINTests;
			sourceTree = "<group>";
		};
		F16813F319A65F6200F21896 /* Supporting Files */ = {
			isa = PBXGroup;
			children = (
				F16813F419A65F6200F21896 /* Info.plist */,
			);
			name = "Supporting Files";
			sourceTree = "<group>";
		};
/* End PBXGroup section */

/* Begin PBXNativeTarget section */
		F16813D819A65F6200F21896 /* GPSIN */ = {
			isa = PBXNativeTarget;
			buildConfigurationList = F16813F919A65F6200F21896 /* Build configuration list for PBXNativeTarget "GPSIN" */;
			buildPhases = (
				F16813D519A65F6200F21896 /* Sources */,
				F16813D619A65F6200F21896 /* Frameworks */,
				F16813D719A65F6200F21896 /* Resources */,
			);
			buildRules = (
			);
			dependencies = (
			);
			name = GPSIN;
			productName = GPSIN;
			productReference = F16813D919A65F6200F21896 /* GPSIN.app */;
			productType = "com.apple.product-type.application";
		};
		F16813EE19A65F6200F21896 /* GPSINTests */ = {
			isa = PBXNativeTarget;
			buildConfigurationList = F16813FC19A65F6200F21896 /* Build configuration list for PBXNativeTarget "GPSINTests" */;
			buildPhases = (
				F16813EB19A65F6200F21896 /* Sources */,
				F16813EC19A65F6200F21896 /* Frameworks */,
				F16813ED19A65F6200F21896 /* Resources */,
			);
			buildRules = (
			);
			dependencies = (
				F16813F119A65F6200F21896 /* PBXTargetDependency */,
			);
			name = GPSINTests;
			productName = GPSINTests;
			productReference = F16813EF19A65F6200F21896 /* GPSINTests.xctest */;
			productType = "com.apple.product-type.bundle.unit-test";
		};
/* End PBXNativeTarget section */

/* Begin PBXProject section */
		F16813D119A65F6200F21896 /* Project object */ = {
			isa = PBXProject;
			attributes = {
				LastUpgradeCheck = 0600;
				ORGANIZATIONNAME = nousdynamics.com;
				TargetAttributes = {
					F16813D819A65F6200F21896 = {
						CreatedOnToolsVersion = 6.0;
					};
					F16813EE19A65F6200F21896 = {
						CreatedOnToolsVersion = 6.0;
						TestTargetID = F16813D819A65F6200F21896;
					};
				};
			};
			buildConfigurationList = F16813D419A65F6200F21896 /* Build configuration list for PBXProject "GPSIN" */;
			compatibilityVersion = "Xcode 3.2";
			developmentRegion = English;
			hasScannedForEncodings = 0;
			knownRegions = (
				en,
				Base,
			);
			mainGroup = F16813D019A65F6200F21896;
			productRefGroup = F16813DA19A65F6200F21896 /* Products */;
			projectDirPath = "";
			projectRoot = "";
			targets = (
				F16813D819A65F6200F21896 /* GPSIN */,
				F16813EE19A65F6200F21896 /* GPSINTests */,
			);
		};
/* End PBXProject section */

/* Begin PBXResourcesBuildPhase section */
		F16813D719A65F6200F21896 /* Resources */ = {
			isa = PBXResourcesBuildPhase;
			buildActionMask = 2147483647;
			files = (
				F16813E819A65F6200F21896 /* Main.storyboard in Resources */,
				F16813EA19A65F6200F21896 /* Images.xcassets in Resources */,
			);
			runOnlyForDeploymentPostprocessing = 0;
		};
		F16813ED19A65F6200F21896 /* Resources */ = {
			isa = PBXResourcesBuildPhase;
			buildActionMask = 2147483647;
			files = (
			);
			runOnlyForDeploymentPostprocessing = 0;
		};
/* End PBXResourcesBuildPhase section */

/* Begin PBXSourcesBuildPhase section */
		F16813D519A65F6200F21896 /* Sources */ = {
			isa = PBXSourcesBuildPhase;
			buildActionMask = 2147483647;
			files = (
				F16813E519A65F6200F21896 /* ViewController.m in Sources */,
				F16813E219A65F6200F21896 /* AppDelegate.m in Sources */,
				F16813DF19A65F6200F21896 /* main.m in Sources */,
			);
			runOnlyForDeploymentPostprocessing = 0;
		};
		F16813EB19A65F6200F21896 /* Sources */ = {
			isa = PBXSourcesBuildPhase;
			buildActionMask = 2147483647;
			files = (
				F16813F619A65F6200F21896 /* GPSINTests.m in Sources */,
			);
			runOnlyForDeploymentPostprocessing = 0;
		};
/* End PBXSourcesBuildPhase section */

/* Begin PBXTargetDependency section */
		F16813F119A65F6200F21896 /* PBXTargetDependency */ = {
			isa = PBXTargetDependency;
			target = F16813D819A65F6200F21896 /* GPSIN */;
			targetProxy = F16813F019A65F6200F21896 /* PBXContainerItemProxy */;
		};
/* End PBXTargetDependency section */

/* Begin PBXVariantGroup section */
		F16813E619A65F6200F21896 /* Main.storyboard */ = {
			isa = PBXVariantGroup;
			children = (
				F16813E719A65F6200F21896 /* Base */,
			);
			name = Main.storyboard;
			sourceTree = "<group>";
		};
/* End PBXVariantGroup section */

/* Begin XCBuildConfiguration section */
		F16813F719A65F6200F21896 /* Debug */ = {
			isa = XCBuildConfiguration;
			buildSettings = {
				ALWAYS_SEARCH_USER_PATHS = NO;
				CLANG_CXX_LANGUAGE_STANDARD = "gnu++0x";
				CLANG_CXX_LIBRARY = "libc++";
				CLANG_ENABLE_MODULES = YES;
				CLANG_ENABLE_OBJC_ARC = YES;
				CLANG_WARN_BOOL_CONVERSION = YES;
				CLANG_WARN_CONSTANT_CONVERSION = YES;
				CLANG_WARN_DIRECT_OBJC_ISA_USAGE = YES_ERROR;
				CLANG_WARN_EMPTY_BODY = YES;
				CLANG_WARN_ENUM_CONVERSION = YES;
				CLANG_WARN_INT_CONVERSION = YES;
				CLANG_WARN_OBJC_ROOT_CLASS = YES_ERROR;
				CLANG_WARN_UNREACHABLE_CODE = YES;
				CLANG_WARN__DUPLICATE_METHOD_MATCH = YES;
				"CODE_SIGN_IDENTITY[sdk=iphoneos*]" = "iPhone Developer";
				COPY_PHASE_STRIP = NO;
				ENABLE_STRICT_OBJC_MSGSEND = YES;
				GCC_C_LANGUAGE_STANDARD = gnu99;
				GCC_DYNAMIC_NO_PIC = NO;
				GCC_OPTIMIZATION_LEVEL = 0;
				GCC_PREPROCESSOR_DEFINITIONS = (
					"DEBUG=1",
					"$(inherited)",
				);
				GCC_SYMBOLS_PRIVATE_EXTERN = NO;
				GCC_WARN_64_TO_32_BIT_CONVERSION = YES;
				GCC_WARN_ABOUT_RETURN_TYPE = YES_ERROR;
				GCC_WARN_UNDECLARED_SELECTOR = YES;
				GCC_WARN_UNINITIALIZED_AUTOS = YES_AGGRESSIVE;
				GCC_WARN_UNUSED_FUNCTION = YES;
				GCC_WARN_UNUSED_VARIABLE = YES;
				IPHONEOS_DEPLOYMENT_TARGET = 8.0;
				MTL_ENABLE_DEBUG_INFO = YES;
				ONLY_ACTIVE_ARCH = YES;
				SDKROOT = iphoneos;
			};
			name = Debug;
		};
		F16813F819A65F6200F21896 /* Release */ = {
			isa = XCBuildConfiguration;
			buildSettings = {
				ALWAYS_SEARCH_USER_PATHS = NO;
				CLANG_CXX_LANGUAGE_STANDARD = "gnu++0x";
				CLANG_CXX_LIBRARY = "libc++";
				CLANG_ENABLE_MODULES = YES;
				CLANG_ENABLE_OBJC_ARC = YES;
				CLANG_WARN_BOOL_CONVERSION = YES;
				CLANG_WARN_CONSTANT_CONVERSION = YES;
				CLANG_WARN_DIRECT_OBJC_ISA_USAGE = YES_ERROR;
				CLANG_WARN_EMPTY_BODY = YES;
				CLANG_WARN_ENUM_CONVERSION = YES;
				CLANG_WARN_INT_CONVERSION = YES;
				CLANG_WARN_OBJC_ROOT_CLASS = YES_ERROR;
				CLANG_WARN_UNREACHABLE_CODE = YES;
				CLANG_WARN__DUPLICATE_METHOD_MATCH = YES;
				"CODE_SIGN_IDENTITY[sdk=iphoneos*]" = "iPhone Developer";
				COPY_PHASE_STRIP = YES;
				ENABLE_NS_ASSERTIONS = NO;
				ENABLE_STRICT_OBJC_MSGSEND = YES;
				GCC_C_LANGUAGE_STANDARD = gnu99;
				GCC_WARN_64_TO_32_BIT_CONVERSION = YES;
				GCC_WARN_ABOUT_RETURN_TYPE = YES_ERROR;
				GCC_WARN_UNDECLARED_SELECTOR = YES;
				GCC_WARN_UNINITIALIZED_AUTOS = YES_AGGRESSIVE;
				GCC_WARN_UNUSED_FUNCTION = YES;
				GCC_WARN_UNUSED_VARIABLE = YES;
				IPHONEOS_DEPLOYMENT_TARGET = 8.0;
				MTL_ENABLE_DEBUG_INFO = NO;
				SDKROOT = iphoneos;
				VALIDATE_PRODUCT = YES;
			};
			name = Release;
		};
		F16813FA19A65F6200F21896 /* Debug */ = {
			isa = XCBuildConfiguration;
			buildSettings = {
				ASSETCATALOG_COMPILER_APPICON_NAME = AppIcon;
				ASSETCATALOG_COMPILER_LAUNCHIMAGE_NAME = LaunchImage;
				INFOPLIST_FILE = GPSIN/Info.plist;
				LD_RUNPATH_SEARCH_PATHS = "$(inherited) @executable_path/Frameworks";
				PRODUCT_NAME = "$(TARGET_NAME)";
			};
			name = Debug;
		};
		F16813FB19A65F6200F21896 /* Release */ = {
			isa = XCBuildConfiguration;
			buildSettings = {
				ASSETCATALOG_COMPILER_APPICON_NAME = AppIcon;
				ASSETCATALOG_COMPILER_LAUNCHIMAGE_NAME = LaunchImage;
				INFOPLIST_FILE = GPSIN/Info.plist;
				LD_RUNPATH_SEARCH_PATHS = "$(inherited) @executable_path/Frameworks";
				PRODUCT_NAME = "$(TARGET_NAME)";
			};
			name = Release;
		};
		F16813FD19A65F6200F21896 /* Debug */ = {
			isa = XCBuildConfiguration;
			buildSettings = {
				BUNDLE_LOADER = "$(TEST_HOST)";
				FRAMEWORK_SEARCH_PATHS = (
					"$(SDKROOT)/Developer/Library/Frameworks",
					"$(inherited)",
				);
				GCC_PREPROCESSOR_DEFINITIONS = (
					"DEBUG=1",
					"$(inherited)",
				);
				INFOPLIST_FILE = GPSINTests/Info.plist;
				LD_RUNPATH_SEARCH_PATHS = "$(inherited) @executable_path/Frameworks @loader_path/Frameworks";
				PRODUCT_NAME = "$(TARGET_NAME)";
				TEST_HOST = "$(BUILT_PRODUCTS_DIR)/GPSIN.app/GPSIN";
			};
			name = Debug;
		};
		F16813FE19A65F6200F21896 /* Release */ = {
			isa = XCBuildConfiguration;
			buildSettings = {
				BUNDLE_LOADER = "$(TEST_HOST)";
				FRAMEWORK_SEARCH_PATHS = (
					"$(SDKROOT)/Developer/Library/Frameworks",
					"$(inherited)",
				);
				INFOPLIST_FILE = GPSINTests/Info.plist;
				LD_RUNPATH_SEARCH_PATHS = "$(inherited) @executable_path/Frameworks @loader_path/Frameworks";
				PRODUCT_NAME = "$(TARGET_NAME)";
				TEST_HOST = "$(BUILT_PRODUCTS_DIR)/GPSIN.app/GPSIN";
			};
			name = Release;
		};
/* End XCBuildConfiguration section */

/* Begin XCConfigurationList section */
		F16813D419A65F6200F21896 /* Build configuration list for PBXProject "GPSIN" */ = {
			isa = XCConfigurationList;
			buildConfigurations = (
				F16813F719A65F6200F21896 /* Debug */,
				F16813F819A65F6200F21896 /* Release */,
			);
			defaultConfigurationIsVisible = 0;
			defaultConfigurationName = Release;
		};
		F16813F919A65F6200F21896 /* Build configuration list for PBXNativeTarget "GPSIN" */ = {
			isa = XCConfigurationList;
			buildConfigurations = (
				F16813FA19A65F6200F21896 /* Debug */,
				F16813FB19A65F6200F21896 /* Release */,
			);
			defaultConfigurationIsVisible = 0;
		};
		F16813FC19A65F6200F21896 /* Build configuration list for PBXNativeTarget "GPSINTests" */ = {
			isa = XCConfigurationList;
			buildConfigurations = (
				F16813FD19A65F6200F21896 /* Debug */,
				F16813FE19A65F6200F21896 /* Release */,
			);
			defaultConfigurationIsVisible = 0;
		};
/* End XCConfigurationList section */
	};
	rootObject = F16813D119A65F6200F21896 /* Project object */;
}
